
Microsoft Visual Studio Solution File, Format Version 12.00
# Visual Studio 15
VisualStudioVersion = 15.0.28307.106
MinimumVisualStudioVersion = 10.0.40219.1
Project("{2150E333-8FDC-42A3-9474-1A3956D46DE8}") = "Web", "Web", "{92F78115-A005-4122-8A96-D23FAAD3EB27}"
EndProject
Project("{2150E333-8FDC-42A3-9474-1A3956D46DE8}") = "Data", "Data", "{743398A5-0C97-465F-A47B-483E1F461EA6}"
EndProject
Project("{FAE04EC0-301F-11D3-BF4B-00C04F79EFBC}") = "EasyPTC", "EasyPTC\EasyPTC.csproj", "{EB5C00C7-18D2-4BF2-9347-FE54889B27E1}"
EndProject
Project("{FAE04EC0-301F-11D3-BF4B-00C04F79EFBC}") = "EasyPTC.Tests", "EasyPTC.Tests\EasyPTC.Tests.csproj", "{AC98B58E-16A0-4CAC-9B94-C6700DA897D5}"
EndProject
Global
	GlobalSection(SolutionConfigurationPlatforms) = preSolution
		Debug|Any CPU = Debug|Any CPU
		Release|Any CPU = Release|Any CPU
	EndGlobalSection
	GlobalSection(ProjectConfigurationPlatforms) = postSolution
		{EB5C00C7-18D2-4BF2-9347-FE54889B27E1}.Debug|Any CPU.ActiveCfg = Debug|Any CPU
		{EB5C00C7-18D2-4BF2-9347-FE54889B27E1}.Debug|Any CPU.Build.0 = Debug|Any CPU
		{EB5C00C7-18D2-4BF2-9347-FE54889B27E1}.Release|Any CPU.ActiveCfg = Release|Any CPU
		{EB5C00C7-18D2-4BF2-9347-FE54889B27E1}.Release|Any CPU.Build.0 = Release|Any CPU
		{AC98B58E-16A0-4CAC-9B94-C6700DA897D5}.Debug|Any CPU.ActiveCfg = Debug|Any CPU
		{AC98B58E-16A0-4CAC-9B94-C6700DA897D5}.Debug|Any CPU.Build.0 = Debug|Any CPU
		{AC98B58E-16A0-4CAC-9B94-C6700DA897D5}.Release|Any CPU.ActiveCfg = Release|Any CPU
		{AC98B58E-16A0-4CAC-9B94-C6700DA897D5}.Release|Any CPU.Build.0 = Release|Any CPU
	EndGlobalSection
	GlobalSection(SolutionProperties) = preSolution
		HideSolutionNode = FALSE
	EndGlobalSection
	GlobalSection(NestedProjects) = preSolution
		{EB5C00C7-18D2-4BF2-9347-FE54889B27E1} = {92F78115-A005-4122-8A96-D23FAAD3EB27}
		{AC98B58E-16A0-4CAC-9B94-C6700DA897D5} = {92F78115-A005-4122-8A96-D23FAAD3EB27}
	EndGlobalSection
	GlobalSection(ExtensibilityGlobals) = postSolution
		SolutionGuid = {AB29661F-88AA-4AC3-82E0-9485342CE7B2}
	EndGlobalSection
EndGlobal
